
Microsoft Visual Studio Solution File, Format Version 12.00
# Visual Studio 15
VisualStudioVersion = 15.0.26730.16
MinimumVisualStudioVersion = 10.0.40219.1
Project("{FAE04EC0-301F-11D3-BF4B-00C04F79EFBC}") = "FCM", "FCM\FCM.csproj", "{954A3F57-9EDF-491C-9787-AF1676813B08}"
EndProject
Project("{FAE04EC0-301F-11D3-BF4B-00C04F79EFBC}") = "FCM_PushNotification", "FCM_PushNotification\FCM_PushNotification.csproj", "{B9E95F01-605E-4D88-B587-A9F6D8B07765}"
EndProject
Project("{2150E333-8FDC-42A3-9474-1A3956D46DE8}") = "database", "database", "{E65318FE-B556-4218-B3DE-4FA9475F359D}"
	ProjectSection(SolutionItems) = preProject
		..\database\xomorodc_fcm.mdf = ..\database\xomorodc_fcm.mdf
		..\database\xomorodc_fcm_log.ldf = ..\database\xomorodc_fcm_log.ldf
	EndProjectSection
EndProject
Global
	GlobalSection(SolutionConfigurationPlatforms) = preSolution
		Debug|Any CPU = Debug|Any CPU
		Release|Any CPU = Release|Any CPU
	EndGlobalSection
	GlobalSection(ProjectConfigurationPlatforms) = postSolution
		{954A3F57-9EDF-491C-9787-AF1676813B08}.Debug|Any CPU.ActiveCfg = Debug|Any CPU
		{954A3F57-9EDF-491C-9787-AF1676813B08}.Debug|Any CPU.Build.0 = Debug|Any CPU
		{954A3F57-9EDF-491C-9787-AF1676813B08}.Release|Any CPU.ActiveCfg = Release|Any CPU
		{954A3F57-9EDF-491C-9787-AF1676813B08}.Release|Any CPU.Build.0 = Release|Any CPU
		{B9E95F01-605E-4D88-B587-A9F6D8B07765}.Debug|Any CPU.ActiveCfg = Debug|Any CPU
		{B9E95F01-605E-4D88-B587-A9F6D8B07765}.Debug|Any CPU.Build.0 = Debug|Any CPU
		{B9E95F01-605E-4D88-B587-A9F6D8B07765}.Release|Any CPU.ActiveCfg = Release|Any CPU
		{B9E95F01-605E-4D88-B587-A9F6D8B07765}.Release|Any CPU.Build.0 = Release|Any CPU
	EndGlobalSection
	GlobalSection(SolutionProperties) = preSolution
		HideSolutionNode = FALSE
	EndGlobalSection
	GlobalSection(ExtensibilityGlobals) = postSolution
		SolutionGuid = {60163974-A768-4D6B-BA05-4CDDE9CE33F0}
	EndGlobalSection
EndGlobal
